
Microsoft Visual Studio Solution File, Format Version 12.00
# Visual Studio Version 16
VisualStudioVersion = 16.0.29926.136
MinimumVisualStudioVersion = 10.0.40219.1
Project("{FAE04EC0-301F-11D3-BF4B-00C04F79EFBC}") = "DesafioTreeView", "DesafioTreeView.csproj", "{C765398D-8946-4D81-812E-6361150D89F9}"
EndProject
Project("{FAE04EC0-301F-11D3-BF4B-00C04F79EFBC}") = "DesafioTreeView2", "..\DesafioTreeView2\DesafioTreeView2.csproj", "{8953923C-6A69-489B-BF44-09F7F1789A4F}"
EndProject
Global
	GlobalSection(SolutionConfigurationPlatforms) = preSolution
		Debug|Any CPU = Debug|Any CPU
		Release|Any CPU = Release|Any CPU
	EndGlobalSection
	GlobalSection(ProjectConfigurationPlatforms) = postSolution
		{C765398D-8946-4D81-812E-6361150D89F9}.Debug|Any CPU.ActiveCfg = Debug|Any CPU
		{C765398D-8946-4D81-812E-6361150D89F9}.Debug|Any CPU.Build.0 = Debug|Any CPU
		{C765398D-8946-4D81-812E-6361150D89F9}.Release|Any CPU.ActiveCfg = Release|Any CPU
		{C765398D-8946-4D81-812E-6361150D89F9}.Release|Any CPU.Build.0 = Release|Any CPU
		{8953923C-6A69-489B-BF44-09F7F1789A4F}.Debug|Any CPU.ActiveCfg = Debug|Any CPU
		{8953923C-6A69-489B-BF44-09F7F1789A4F}.Debug|Any CPU.Build.0 = Debug|Any CPU
		{8953923C-6A69-489B-BF44-09F7F1789A4F}.Release|Any CPU.ActiveCfg = Release|Any CPU
		{8953923C-6A69-489B-BF44-09F7F1789A4F}.Release|Any CPU.Build.0 = Release|Any CPU
	EndGlobalSection
	GlobalSection(SolutionProperties) = preSolution
		HideSolutionNode = FALSE
	EndGlobalSection
	GlobalSection(ExtensibilityGlobals) = postSolution
		SolutionGuid = {753D0268-6E29-45F4-9332-8C0768869CD1}
	EndGlobalSection
EndGlobal
